
Microsoft Visual Studio Solution File, Format Version 12.00
# Visual Studio Version 16
VisualStudioVersion = 16.0.30406.217
MinimumVisualStudioVersion = 10.0.40219.1
Project("{FAE04EC0-301F-11D3-BF4B-00C04F79EFBC}") = "TemplaterForIndustrialPrinters", "TemplaterForIndustrialPrinters\TemplaterForIndustrialPrinters.csproj", "{29ECE14A-C414-4429-9BA7-F14EE4BA0C26}"
EndProject
Global
	GlobalSection(SolutionConfigurationPlatforms) = preSolution
		Debug|Any CPU = Debug|Any CPU
		Release|Any CPU = Release|Any CPU
	EndGlobalSection
	GlobalSection(ProjectConfigurationPlatforms) = postSolution
		{29ECE14A-C414-4429-9BA7-F14EE4BA0C26}.Debug|Any CPU.ActiveCfg = Debug|Any CPU
		{29ECE14A-C414-4429-9BA7-F14EE4BA0C26}.Debug|Any CPU.Build.0 = Debug|Any CPU
		{29ECE14A-C414-4429-9BA7-F14EE4BA0C26}.Release|Any CPU.ActiveCfg = Release|Any CPU
		{29ECE14A-C414-4429-9BA7-F14EE4BA0C26}.Release|Any CPU.Build.0 = Release|Any CPU
	EndGlobalSection
	GlobalSection(SolutionProperties) = preSolution
		HideSolutionNode = FALSE
	EndGlobalSection
	GlobalSection(ExtensibilityGlobals) = postSolution
		SolutionGuid = {91D89099-8DD4-4AF0-A770-C4FCC4F432BC}
	EndGlobalSection
EndGlobal
